github.com/andybalholm/brotli v1.0.0 h1:7UCwP93aiSfvWpapti8g88vVVGp2qqtGyePsSuDafo4=
github.com/andybalholm/brotli v1.0.0/go.mod h1:loMXtMfwqflxFJPmdbJO0a3KNoPuLBgiu3qAvBg8x/Y=
github.com/andybalholm/brotli v1.0.1 h1:KqhlKozYbRtJvsPrrEeXcO+N2l6NYT5A2QAFmSULpEc=
github.com/andybalholm/brotli v1.0.1/go.mod h1:loMXtMfwqflxFJPmdbJO0a3KNoPuLBgiu3qAvBg8x/Y=
github.com/eapache/go-xerial-snappy v0.0.0-20180814174437-776d5712da21/go.mod h1:+020luEh2TKB4/GOp8oxxtq0Daoen/Cii55CzbTV6DU=
github.com/gofiber/fiber v1.14.6 h1:QRUPvPmr8ijQuGo1MgupHBn8E+wW0IKqiOvIZPtV70o=
github.com/gofiber/fiber/v2 v2.2.1 h1:0n/uxmKTR6lqFB14LnLjP0KHICF841Xyc46wCaqy7og=
github.com/gofiber/fiber/v2 v2.2.1/go.mod h1:Aso7/M+EQOinVkWp4LUYjdlTpKTBoCk2Qo4djnMsyHE=
github.com/golang/snappy v0.0.1 h1:Qgr9rKW7uDUkrbSmQeiDsGa8SjGyCOGtuasMWwvp2P4=
github.com/golang/snappy v0.0.1/go.mod h1:/XxbfmMg8lxefKM7IXC3fBNl/7bRcc72aCRzEWrmP2Q=
github.com/golang/snappy v0.0.2 h1:aeE13tS0IiQgFjYdoL8qN3K1N2bXXtI6Vi51/y7BpMw=
github.com/golang/snappy v0.0.2/go.mod h1:/XxbfmMg8lxefKM7IXC3fBNl/7bRcc72aCRzEWrmP2Q=
github.com/klauspost/compress v1.9.8/go.mod h1:RyIbtBH6LamlWaDj8nUwkbUhJ87Yi3uG0guNDohfE1A=
github.com/klauspost/compress v1.10.7 h1:7rix8v8GpI3ZBb0nSozFRgbtXKv+hOe+qfEpZqybrAg=
github.com/klauspost/compress v1.10.7/go.mod h1:aoV0uJVorq1K+umq18yTdKaF57EivdYsUV+/s2qKfXs=
github.com/klauspost/compress v1.11.3 h1:dB4Bn0tN3wdCzQxnS8r06kV74qN/TAfaIS0bVE8h3jc=
github.com/klauspost/compress v1.11.3/go.mod h1:aoV0uJVorq1K+umq18yTdKaF57EivdYsUV+/s2qKfXs=
github.com/pierrec/lz4 v2.0.5+incompatible h1:2xWsjqPFWcplujydGg4WmhC/6fZqK42wMM8aXeqhl0I=
github.com/pierrec/lz4 v2.0.5+incompatible/go.mod h1:pdkljMzZIN41W+lC3N2tnIh5sFi+IEE17M5jbnwPHcY=
github.com/pierrec/lz4 v2.6.0+incompatible h1:Ix9yFKn1nSPBLFl/yZknTp8TU5G4Ps0JDmguYK6iH1A=
github.com/pierrec/lz4 v2.6.0+incompatible/go.mod h1:pdkljMzZIN41W+lC3N2tnIh5sFi+IEE17M5jbnwPHcY=
github.com/segmentio/kafka-go v0.4.8 h1:LO36H2tb7RcCRjsYzT/qf7xE+vRBXgddZDD82e1eiWY=
github.com/segmentio/kafka-go v0.4.8/go.mod h1:Inh7PqOsxmfgasV8InZYKVXWsdjcCq2d9tFV75GLbuM=
github.com/valyala/bytebufferpool v1.0.0 h1:GqA5TC/0021Y/b9FG4Oi9Mr3q7XYx6KllzawFIhcdPw=
github.com/valyala/bytebufferpool v1.0.0/go.mod h1:6bBcMArwyJ5K/AmCkWv1jt77kVWyCJ6HpOuEn7z0Csc=
github.com/valyala/fasthttp v1.17.0 h1:P8/koH4aSnJ4xbd0cUUFEGQs3jQqIxoDDyRQrUiAkqg=
github.com/valyala/fasthttp v1.17.0/go.mod h1:jjraHZVbKOXftJfsOYoAjaeygpj5hr8ermTRJNroD7A=
github.com/valyala/tcplisten v0.0.0-20161114210144-ceec8f93295a h1:0R4NLDRDZX6JcmhJgXi5E4b8Wg84ihbmUKp/GvSPEzc=
github.com/valyala/tcplisten v0.0.0-20161114210144-ceec8f93295a/go.mod h1:v3UYOV9WzVtRmSR+PDvWpU/qWl4Wa5LApYYX4ZtKbio=
github.com/xdg/scram v0.0.0-20180814205039-7eeb5667e42c/go.mod h1:lB8K/P019DLNhemzwFU4jHLhdvlE6uDZjXFejJXr49I=
github.com/xdg/stringprep v1.0.0/go.mod h1:Jhud4/sHMO4oL310DaZAKk9ZaJ08SJfe+sJh0HrGL1Y=
golang.org/x/crypto v0.0.0-20190308221718-c2843e01d9a2/go.mod h1:djNgcEr1/C05ACkg1iLfiJU5Ep61QUkGW8qpdssI0+w=
golang.org/x/crypto v0.0.0-20190506204251-e1dfcc566284/go.mod h1:yigFU9vqHzYiE8UmvKecakEJjdnWj3jj499lnFckfCI=
golang.org/x/crypto v0.0.0-20200622213623-75b288015ac9/go.mod h1:LzIPMQfyMNhhGPhUkYOs5KpL4U8rLKemX1yGLhDgUto=
golang.org/x/net v0.0.0-20190404232315-eb5bcb51f2a3/go.mod h1:t9HGtf8HONx5eT2rtn7q6eTqICYqUVnKs3thJo3Qplg=
golang.org/x/net v0.0.0-20201016165138-7b1cca2348c0/go.mod h1:sp8m0HH+o8qH0wwXwYZr8TS3Oi6o0r6Gce1SSxlDquU=
golang.org/x/sys v0.0.0-20190215142949-d0b11bdaac8a/go.mod h1:STP8DvDyc/dI5b8T5hshtkjS+E42TnysNCUPdjciGhY=
golang.org/x/sys v0.0.0-20190412213103-97732733099d/go.mod h1:h1NjWce9XRLGQEsW7wpKNCjG9DtNlClVuFLEZdDNbEs=
golang.org/x/sys v0.0.0-20200930185726-fdedc70b468f/go.mod h1:h1NjWce9XRLGQEsW7wpKNCjG9DtNlClVuFLEZdDNbEs=
golang.org/x/sys v0.0.0-20201119102817-f84b799fce68 h1:nxC68pudNYkKU6jWhgrqdreuFiOQWj1Fs7T3VrH4Pjw=
golang.org/x/sys v0.0.0-20201119102817-f84b799fce68/go.mod h1:h1NjWce9XRLGQEsW7wpKNCjG9DtNlClVuFLEZdDNbEs=
golang.org/x/sys v0.0.0-20201130072748-111129e158e2 h1:zXpk15uCEAaaJcTxBqQacweHUQ0HDhDOzupNGFs4imE=
golang.org/x/sys v0.0.0-20201130072748-111129e158e2/go.mod h1:h1NjWce9XRLGQEsW7wpKNCjG9DtNlClVuFLEZdDNbEs=
golang.org/x/text v0.3.0/go.mod h1:NqM8EUOU14njkJ3fqMW+pc6Ldnwhi/IjpwHt7yyuwOQ=
golang.org/x/text v0.3.3/go.mod h1:5Zoc/QRtKVWzQhOtBMvqHzDpF6irO9z98xDceosuGiQ=
golang.org/x/tools v0.0.0-20180917221912-90fa682c2a6e/go.mod h1:n7NCudcB/nEzxVGmLbDWY5pfWTLqBcC2KZ6jyYvM4mQ=
